
Microsoft Visual Studio Solution File, Format Version 12.00
# Visual Studio Version 16
VisualStudioVersion = 16.0.33423.256
MinimumVisualStudioVersion = 10.0.40219.1
Project("{8BC9CEB8-8B4A-11D0-8D11-00A0C91BC942}") = "R6.7.11-1", "R6.7.11-1.vcxproj", "{89152BA7-5D94-4267-8040-9412D79C05E2}"
EndProject
Global
	GlobalSection(SolutionConfigurationPlatforms) = preSolution
		Debug|x64 = Debug|x64
		Debug|x86 = Debug|x86
		Release|x64 = Release|x64
		Release|x86 = Release|x86
	EndGlobalSection
	GlobalSection(ProjectConfigurationPlatforms) = postSolution
		{89152BA7-5D94-4267-8040-9412D79C05E2}.Debug|x64.ActiveCfg = Debug|x64
		{89152BA7-5D94-4267-8040-9412D79C05E2}.Debug|x64.Build.0 = Debug|x64
		{89152BA7-5D94-4267-8040-9412D79C05E2}.Debug|x86.ActiveCfg = Debug|Win32
		{89152BA7-5D94-4267-8040-9412D79C05E2}.Debug|x86.Build.0 = Debug|Win32
		{89152BA7-5D94-4267-8040-9412D79C05E2}.Release|x64.ActiveCfg = Release|x64
		{89152BA7-5D94-4267-8040-9412D79C05E2}.Release|x64.Build.0 = Release|x64
		{89152BA7-5D94-4267-8040-9412D79C05E2}.Release|x86.ActiveCfg = Release|Win32
		{89152BA7-5D94-4267-8040-9412D79C05E2}.Release|x86.Build.0 = Release|Win32
	EndGlobalSection
	GlobalSection(SolutionProperties) = preSolution
		HideSolutionNode = FALSE
	EndGlobalSection
	GlobalSection(ExtensibilityGlobals) = postSolution
		SolutionGuid = {DFC0B129-0A33-4E04-8C78-1139527C4FCE}
	EndGlobalSection
EndGlobal
